
Microsoft Visual Studio Solution File, Format Version 12.00
# Visual Studio Version 16
VisualStudioVersion = 16.0.31729.503
MinimumVisualStudioVersion = 10.0.40219.1
Project("{9A19103F-16F7-4668-BE54-9A1E7A4F7556}") = "Hw3", "Homework week3\Hw3.csproj", "{1F73A566-5425-416F-8DF1-4CB5CF9DC672}"
EndProject
Global
	GlobalSection(SolutionConfigurationPlatforms) = preSolution
		Debug|Any CPU = Debug|Any CPU
		Release|Any CPU = Release|Any CPU
	EndGlobalSection
	GlobalSection(ProjectConfigurationPlatforms) = postSolution
		{1F73A566-5425-416F-8DF1-4CB5CF9DC672}.Debug|Any CPU.ActiveCfg = Debug|Any CPU
		{1F73A566-5425-416F-8DF1-4CB5CF9DC672}.Debug|Any CPU.Build.0 = Debug|Any CPU
		{1F73A566-5425-416F-8DF1-4CB5CF9DC672}.Release|Any CPU.ActiveCfg = Release|Any CPU
		{1F73A566-5425-416F-8DF1-4CB5CF9DC672}.Release|Any CPU.Build.0 = Release|Any CPU
	EndGlobalSection
	GlobalSection(SolutionProperties) = preSolution
		HideSolutionNode = FALSE
	EndGlobalSection
	GlobalSection(ExtensibilityGlobals) = postSolution
		SolutionGuid = {CFF1092E-7E0D-4B7F-8ED6-1E823491D2E6}
	EndGlobalSection
EndGlobal
